
Microsoft Visual Studio Solution File, Format Version 12.00
# Visual Studio Version 16
VisualStudioVersion = 16.0.30804.86
MinimumVisualStudioVersion = 10.0.40219.1
Project("{FAE04EC0-301F-11D3-BF4B-00C04F79EFBC}") = "Online Ordering System", "Online Ordering System\Online Ordering System.csproj", "{CCF9985A-41A8-41C8-881C-B2D14623F2B8}"
EndProject
Project("{2150E333-8FDC-42A3-9474-1A3956D46DE8}") = "Solution Items", "Solution Items", "{130C5169-3BDE-48C1-B7E8-0A38B7A7F59D}"
	ProjectSection(SolutionItems) = preProject
		.editorconfig = .editorconfig
	EndProjectSection
EndProject
Global
	GlobalSection(SolutionConfigurationPlatforms) = preSolution
		Debug|Any CPU = Debug|Any CPU
		Release|Any CPU = Release|Any CPU
	EndGlobalSection
	GlobalSection(ProjectConfigurationPlatforms) = postSolution
		{CCF9985A-41A8-41C8-881C-B2D14623F2B8}.Debug|Any CPU.ActiveCfg = Debug|Any CPU
		{CCF9985A-41A8-41C8-881C-B2D14623F2B8}.Debug|Any CPU.Build.0 = Debug|Any CPU
		{CCF9985A-41A8-41C8-881C-B2D14623F2B8}.Release|Any CPU.ActiveCfg = Release|Any CPU
		{CCF9985A-41A8-41C8-881C-B2D14623F2B8}.Release|Any CPU.Build.0 = Release|Any CPU
	EndGlobalSection
	GlobalSection(SolutionProperties) = preSolution
		HideSolutionNode = FALSE
	EndGlobalSection
	GlobalSection(ExtensibilityGlobals) = postSolution
		SolutionGuid = {83829AE3-6FC6-4BA1-B737-7E95859C2180}
	EndGlobalSection
EndGlobal
